
Microsoft Visual Studio Solution File, Format Version 12.00
# Visual Studio Version 16
VisualStudioVersion = 16.0.29326.143
MinimumVisualStudioVersion = 10.0.40219.1
Project("{FAE04EC0-301F-11D3-BF4B-00C04F79EFBC}") = "TProjectAPI", "TProjectAPI\TProjectAPI.csproj", "{4D407981-68BA-4E5E-AE88-57A3AF42CA4C}"
EndProject
Global
	GlobalSection(SolutionConfigurationPlatforms) = preSolution
		Debug|Any CPU = Debug|Any CPU
		Release|Any CPU = Release|Any CPU
	EndGlobalSection
	GlobalSection(ProjectConfigurationPlatforms) = postSolution
		{4D407981-68BA-4E5E-AE88-57A3AF42CA4C}.Debug|Any CPU.ActiveCfg = Debug|Any CPU
		{4D407981-68BA-4E5E-AE88-57A3AF42CA4C}.Debug|Any CPU.Build.0 = Debug|Any CPU
		{4D407981-68BA-4E5E-AE88-57A3AF42CA4C}.Release|Any CPU.ActiveCfg = Release|Any CPU
		{4D407981-68BA-4E5E-AE88-57A3AF42CA4C}.Release|Any CPU.Build.0 = Release|Any CPU
	EndGlobalSection
	GlobalSection(SolutionProperties) = preSolution
		HideSolutionNode = FALSE
	EndGlobalSection
	GlobalSection(ExtensibilityGlobals) = postSolution
		SolutionGuid = {E5828211-EB4A-483A-B1AE-2DD09F3816F7}
	EndGlobalSection
EndGlobal
